// !$*UTF8*$!
{
	archiveVersion = 1;
	classes = {
	};
	objectVersion = 46;
	objects = {

/* Begin PBXBuildFile section */
		4C40A5201BD68344003E9865 /* SettingsAddNewBudgetViewController.m in Sources */ = {isa = PBXBuildFile; fileRef = 4C40A51F1BD68344003E9865 /* SettingsAddNewBudgetViewController.m */; settings = {ASSET_TAGS = (); }; };
		4C40A5231BD68438003E9865 /* DataStore.m in Sources */ = {isa = PBXBuildFile; fileRef = 4C40A5221BD68438003E9865 /* DataStore.m */; settings = {ASSET_TAGS = (); }; };
		4C40A5261BD68562003E9865 /* BudgetListItem.m in Sources */ = {isa = PBXBuildFile; fileRef = 4C40A5251BD68562003E9865 /* BudgetListItem.m */; settings = {ASSET_TAGS = (); }; };
		4C40A52C1BD6BF25003E9865 /* ExpenseListItem.m in Sources */ = {isa = PBXBuildFile; fileRef = 4C40A52B1BD6BF25003E9865 /* ExpenseListItem.m */; settings = {ASSET_TAGS = (); }; };
		4CAC04EB1BD494A9009C1592 /* XYZToDoListTableViewController.m in Sources */ = {isa = PBXBuildFile; fileRef = 4CAC04E61BD494A9009C1592 /* XYZToDoListTableViewController.m */; settings = {ASSET_TAGS = (); }; };
		4CAC04EC1BD494A9009C1592 /* XYZAddToDoItemViewController.m in Sources */ = {isa = PBXBuildFile; fileRef = 4CAC04E81BD494A9009C1592 /* XYZAddToDoItemViewController.m */; settings = {ASSET_TAGS = (); }; };
		4CAC04ED1BD494A9009C1592 /* XYZToDoItem.m in Sources */ = {isa = PBXBuildFile; fileRef = 4CAC04EA1BD494A9009C1592 /* XYZToDoItem.m */; settings = {ASSET_TAGS = (); }; };
		4CBF8E6C1BD457C100C7ECAC /* SettingsViewBudgetTableViewController.m in Sources */ = {isa = PBXBuildFile; fileRef = 4CBF8E6B1BD457C100C7ECAC /* SettingsViewBudgetTableViewController.m */; settings = {ASSET_TAGS = (); }; };
		4CD0CEED1BCF318B0003A3C1 /* main.m in Sources */ = {isa = PBXBuildFile; fileRef = 4CD0CEEC1BCF318B0003A3C1 /* main.m */; };
		4CD0CEF01BCF318B0003A3C1 /* AppDelegate.m in Sources */ = {isa = PBXBuildFile; fileRef = 4CD0CEEF1BCF318B0003A3C1 /* AppDelegate.m */; };
		4CD0CEF31BCF318B0003A3C1 /* FirstViewController.m in Sources */ = {isa = PBXBuildFile; fileRef = 4CD0CEF21BCF318B0003A3C1 /* FirstViewController.m */; };
		4CD0CEF61BCF318B0003A3C1 /* SecondViewController.m in Sources */ = {isa = PBXBuildFile; fileRef = 4CD0CEF51BCF318B0003A3C1 /* SecondViewController.m */; };
		4CD0CEF91BCF318B0003A3C1 /* Main.storyboard in Resources */ = {isa = PBXBuildFile; fileRef = 4CD0CEF71BCF318B0003A3C1 /* Main.storyboard */; };
		4CD0CEFB1BCF318B0003A3C1 /* Assets.xcassets in Resources */ = {isa = PBXBuildFile; fileRef = 4CD0CEFA1BCF318B0003A3C1 /* Assets.xcassets */; };
		4CD0CEFE1BCF318B0003A3C1 /* LaunchScreen.storyboard in Resources */ = {isa = PBXBuildFile; fileRef = 4CD0CEFC1BCF318B0003A3C1 /* LaunchScreen.storyboard */; };
		4CD0CF091BCF318B0003A3C1 /* BudgetAPPTests.m in Sources */ = {isa = PBXBuildFile; fileRef = 4CD0CF081BCF318B0003A3C1 /* BudgetAPPTests.m */; };
		4CD0CF141BCF318B0003A3C1 /* BudgetAPPUITests.m in Sources */ = {isa = PBXBuildFile; fileRef = 4CD0CF131BCF318B0003A3C1 /* BudgetAPPUITests.m */; };
/* End PBXBuildFile section */

/* Begin PBXContainerItemProxy section */
		4CD0CF051BCF318B0003A3C1 /* PBXContainerItemProxy */ = {
			isa = PBXContainerItemProxy;
			containerPortal = 4CD0CEE01BCF318B0003A3C1 /* Project object */;
			proxyType = 1;
			remoteGlobalIDString = 4CD0CEE71BCF318B0003A3C1;
			remoteInfo = BudgetAPP;
		};
		4CD0CF101BCF318B0003A3C1 /* PBXContainerItemProxy */ = {
			isa = PBXContainerItemProxy;
			containerPortal = 4CD0CEE01BCF318B0003A3C1 /* Project object */;
			proxyType = 1;
			remoteGlobalIDString = 4CD0CEE71BCF318B0003A3C1;
			remoteInfo = BudgetAPP;
		};
/* End PBXContainerItemProxy section */

/* Begin PBXFileReference section */
		4C40A51E1BD68344003E9865 /* SettingsAddNewBudgetViewController.h */ = {isa = PBXFileReference; fileEncoding = 4; lastKnownFileType = sourcecode.c.h; path = SettingsAddNewBudgetViewController.h; sourceTree = "<group>"; };
		4C40A51F1BD68344003E9865 /* SettingsAddNewBudgetViewController.m */ = {isa = PBXFileReference; fileEncoding = 4; lastKnownFileType = sourcecode.c.objc; path = SettingsAddNewBudgetViewController.m; sourceTree = "<group>"; };
		4C40A5211BD68438003E9865 /* DataStore.h */ = {isa = PBXFileReference; fileEncoding = 4; lastKnownFileType = sourcecode.c.h; path = DataStore.h; sourceTree = "<group>"; };
		4C40A5221BD68438003E9865 /* DataStore.m */ = {isa = PBXFileReference; fileEncoding = 4; lastKnownFileType = sourcecode.c.objc; path = DataStore.m; sourceTree = "<group>"; };
		4C40A5241BD68562003E9865 /* BudgetListItem.h */ = {isa = PBXFileReference; fileEncoding = 4; lastKnownFileType = sourcecode.c.h; path = BudgetListItem.h; sourceTree = "<group>"; };
		4C40A5251BD68562003E9865 /* BudgetListItem.m */ = {isa = PBXFileReference; fileEncoding = 4; lastKnownFileType = sourcecode.c.objc; path = BudgetListItem.m; sourceTree = "<group>"; };
		4C40A52A1BD6BF25003E9865 /* ExpenseListItem.h */ = {isa = PBXFileReference; fileEncoding = 4; lastKnownFileType = sourcecode.c.h; path = ExpenseListItem.h; sourceTree = "<group>"; };
		4C40A52B1BD6BF25003E9865 /* ExpenseListItem.m */ = {isa = PBXFileReference; fileEncoding = 4; lastKnownFileType = sourcecode.c.objc; path = ExpenseListItem.m; sourceTree = "<group>"; };
		4CAC04E51BD494A9009C1592 /* XYZToDoListTableViewController.h */ = {isa = PBXFileReference; fileEncoding = 4; lastKnownFileType = sourcecode.c.h; path = XYZToDoListTableViewController.h; sourceTree = "<group>"; };
		4CAC04E61BD494A9009C1592 /* XYZToDoListTableViewController.m */ = {isa = PBXFileReference; fileEncoding = 4; lastKnownFileType = sourcecode.c.objc; path = XYZToDoListTableViewController.m; sourceTree = "<group>"; };
		4CAC04E71BD494A9009C1592 /* XYZAddToDoItemViewController.h */ = {isa = PBXFileReference; fileEncoding = 4; lastKnownFileType = sourcecode.c.h; path = XYZAddToDoItemViewController.h; sourceTree = "<group>"; };
		4CAC04E81BD494A9009C1592 /* XYZAddToDoItemViewController.m */ = {isa = PBXFileReference; fileEncoding = 4; lastKnownFileType = sourcecode.c.objc; path = XYZAddToDoItemViewController.m; sourceTree = "<group>"; };
		4CAC04E91BD494A9009C1592 /* XYZToDoItem.h */ = {isa = PBXFileReference; fileEncoding = 4; lastKnownFileType = sourcecode.c.h; path = XYZToDoItem.h; sourceTree = "<group>"; };
		4CAC04EA1BD494A9009C1592 /* XYZToDoItem.m */ = {isa = PBXFileReference; fileEncoding = 4; lastKnownFileType = sourcecode.c.objc; path = XYZToDoItem.m; sourceTree = "<group>"; };
		4CBF8E6A1BD457C100C7ECAC /* SettingsViewBudgetTableViewController.h */ = {isa = PBXFileReference; fileEncoding = 4; lastKnownFileType = sourcecode.c.h; path = SettingsViewBudgetTableViewController.h; sourceTree = "<group>"; };
		4CBF8E6B1BD457C100C7ECAC /* SettingsViewBudgetTableViewController.m */ = {isa = PBXFileReference; fileEncoding = 4; lastKnownFileType = sourcecode.c.objc; path = SettingsViewBudgetTableViewController.m; sourceTree = "<group>"; };
		4CD0CEE81BCF318B0003A3C1 /* BudgetAPP.app */ = {isa = PBXFileReference; explicitFileType = wrapper.application; includeInIndex = 0; path = BudgetAPP.app; sourceTree = BUILT_PRODUCTS_DIR; };
		4CD0CEEC1BCF318B0003A3C1 /* main.m */ = {isa = PBXFileReference; lastKnownFileType = sourcecode.c.objc; path = main.m; sourceTree = "<group>"; };
		4CD0CEEE1BCF318B0003A3C1 /* AppDelegate.h */ = {isa = PBXFileReference; lastKnownFileType = sourcecode.c.h; path = AppDelegate.h; sourceTree = "<group>"; };
		4CD0CEEF1BCF318B0003A3C1 /* AppDelegate.m */ = {isa = PBXFileReference; lastKnownFileType = sourcecode.c.objc; path = AppDelegate.m; sourceTree = "<group>"; };
		4CD0CEF11BCF318B0003A3C1 /* FirstViewController.h */ = {isa = PBXFileReference; lastKnownFileType = sourcecode.c.h; path = FirstViewController.h; sourceTree = "<group>"; };
		4CD0CEF21BCF318B0003A3C1 /* FirstViewController.m */ = {isa = PBXFileReference; lastKnownFileType = sourcecode.c.objc; path = FirstViewController.m; sourceTree = "<group>"; };
		4CD0CEF41BCF318B0003A3C1 /* SecondViewController.h */ = {isa = PBXFileReference; lastKnownFileType = sourcecode.c.h; path = SecondViewController.h; sourceTree = "<group>"; };
		4CD0CEF51BCF318B0003A3C1 /* SecondViewController.m */ = {isa = PBXFileReference; lastKnownFileType = sourcecode.c.objc; path = SecondViewController.m; sourceTree = "<group>"; };
		4CD0CEF81BCF318B0003A3C1 /* Base */ = {isa = PBXFileReference; lastKnownFileType = file.storyboard; name = Base; path = Base.lproj/Main.storyboard; sourceTree = "<group>"; };
		4CD0CEFA1BCF318B0003A3C1 /* Assets.xcassets */ = {isa = PBXFileReference; lastKnownFileType = folder.assetcatalog; path = Assets.xcassets; sourceTree = "<group>"; };
		4CD0CEFD1BCF318B0003A3C1 /* Base */ = {isa = PBXFileReference; lastKnownFileType = file.storyboard; name = Base; path = Base.lproj/LaunchScreen.storyboard; sourceTree = "<group>"; };
		4CD0CEFF1BCF318B0003A3C1 /* Info.plist */ = {isa = PBXFileReference; lastKnownFileType = text.plist.xml; path = Info.plist; sourceTree = "<group>"; };
		4CD0CF041BCF318B0003A3C1 /* BudgetAPPTests.xctest */ = {isa = PBXFileReference; explicitFileType = wrapper.cfbundle; includeInIndex = 0; path = BudgetAPPTests.xctest; sourceTree = BUILT_PRODUCTS_DIR; };
		4CD0CF081BCF318B0003A3C1 /* BudgetAPPTests.m */ = {isa = PBXFileReference; lastKnownFileType = sourcecode.c.objc; path = BudgetAPPTests.m; sourceTree = "<group>"; };
		4CD0CF0A1BCF318B0003A3C1 /* Info.plist */ = {isa = PBXFileReference; lastKnownFileType = text.plist.xml; path = Info.plist; sourceTree = "<group>"; };
		4CD0CF0F1BCF318B0003A3C1 /* BudgetAPPUITests.xctest */ = {isa = PBXFileReference; explicitFileType = wrapper.cfbundle; includeInIndex = 0; path = BudgetAPPUITests.xctest; sourceTree = BUILT_PRODUCTS_DIR; };
		4CD0CF131BCF318B0003A3C1 /* BudgetAPPUITests.m */ = {isa = PBXFileReference; lastKnownFileType = sourcecode.c.objc; path = BudgetAPPUITests.m; sourceTree = "<group>"; };
		4CD0CF151BCF318B0003A3C1 /* Info.plist */ = {isa = PBXFileReference; lastKnownFileType = text.plist.xml; path = Info.plist; sourceTree = "<group>"; };
/* End PBXFileReference section */

/* Begin PBXFrameworksBuildPhase section */
		4CD0CEE51BCF318B0003A3C1 /* Frameworks */ = {
			isa = PBXFrameworksBuildPhase;
			buildActionMask = 2147483647;
			files = (
			);
			runOnlyForDeploymentPostprocessing = 0;
		};
		4CD0CF011BCF318B0003A3C1 /* Frameworks */ = {
			isa = PBXFrameworksBuildPhase;
			buildActionMask = 2147483647;
			files = (
			);
			runOnlyForDeploymentPostprocessing = 0;
		};
		4CD0CF0C1BCF318B0003A3C1 /* Frameworks */ = {
			isa = PBXFrameworksBuildPhase;
			buildActionMask = 2147483647;
			files = (
			);
			runOnlyForDeploymentPostprocessing = 0;
		};
/* End PBXFrameworksBuildPhase section */

/* Begin PBXGroup section */
		4CAC04E41BD4948F009C1592 /* to-do-list */ = {
			isa = PBXGroup;
			children = (
				4CAC04E51BD494A9009C1592 /* XYZToDoListTableViewController.h */,
				4CAC04E61BD494A9009C1592 /* XYZToDoListTableViewController.m */,
				4CAC04E71BD494A9009C1592 /* XYZAddToDoItemViewController.h */,
				4CAC04E81BD494A9009C1592 /* XYZAddToDoItemViewController.m */,
				4CAC04E91BD494A9009C1592 /* XYZToDoItem.h */,
				4CAC04EA1BD494A9009C1592 /* XYZToDoItem.m */,
			);
			name = "to-do-list";
			sourceTree = "<group>";
		};
		4CD0CEDF1BCF318B0003A3C1 = {
			isa = PBXGroup;
			children = (
				4CD0CEEA1BCF318B0003A3C1 /* BudgetAPP */,
				4CD0CF071BCF318B0003A3C1 /* BudgetAPPTests */,
				4CD0CF121BCF318B0003A3C1 /* BudgetAPPUITests */,
				4CD0CEE91BCF318B0003A3C1 /* Products */,
			);
			sourceTree = "<group>";
		};
		4CD0CEE91BCF318B0003A3C1 /* Products */ = {
			isa = PBXGroup;
			children = (
				4CD0CEE81BCF318B0003A3C1 /* BudgetAPP.app */,
				4CD0CF041BCF318B0003A3C1 /* BudgetAPPTests.xctest */,
				4CD0CF0F1BCF318B0003A3C1 /* BudgetAPPUITests.xctest */,
			);
			name = Products;
			sourceTree = "<group>";
		};
		4CD0CEEA1BCF318B0003A3C1 /* BudgetAPP */ = {
			isa = PBXGroup;
			children = (
				4CD0CEEE1BCF318B0003A3C1 /* AppDelegate.h */,
				4CD0CEEF1BCF318B0003A3C1 /* AppDelegate.m */,
				4CD0CEF11BCF318B0003A3C1 /* FirstViewController.h */,
				4CD0CEF21BCF318B0003A3C1 /* FirstViewController.m */,
				4CD0CEF41BCF318B0003A3C1 /* SecondViewController.h */,
				4CD0CEF51BCF318B0003A3C1 /* SecondViewController.m */,
				4CD0CEF71BCF318B0003A3C1 /* Main.storyboard */,
				4CD0CEFA1BCF318B0003A3C1 /* Assets.xcassets */,
				4CAC04E41BD4948F009C1592 /* to-do-list */,
				4CD0CEFC1BCF318B0003A3C1 /* LaunchScreen.storyboard */,
				4CD0CEFF1BCF318B0003A3C1 /* Info.plist */,
				4CD0CEEB1BCF318B0003A3C1 /* Supporting Files */,
				4CBF8E6A1BD457C100C7ECAC /* SettingsViewBudgetTableViewController.h */,
				4CBF8E6B1BD457C100C7ECAC /* SettingsViewBudgetTableViewController.m */,
				4C40A51E1BD68344003E9865 /* SettingsAddNewBudgetViewController.h */,
				4C40A51F1BD68344003E9865 /* SettingsAddNewBudgetViewController.m */,
				4C40A5211BD68438003E9865 /* DataStore.h */,
				4C40A5221BD68438003E9865 /* DataStore.m */,
				4C40A5241BD68562003E9865 /* BudgetListItem.h */,
				4C40A5251BD68562003E9865 /* BudgetListItem.m */,
				4C40A52A1BD6BF25003E9865 /* ExpenseListItem.h */,
				4C40A52B1BD6BF25003E9865 /* ExpenseListItem.m */,
			);
			path = BudgetAPP;
			sourceTree = "<group>";
		};
		4CD0CEEB1BCF318B0003A3C1 /* Supporting Files */ = {
			isa = PBXGroup;
			children = (
				4CD0CEEC1BCF318B0003A3C1 /* main.m */,
			);
			name = "Supporting Files";
			sourceTree = "<group>";
		};
		4CD0CF071BCF318B0003A3C1 /* BudgetAPPTests */ = {
			isa = PBXGroup;
			children = (
				4CD0CF081BCF318B0003A3C1 /* BudgetAPPTests.m */,
				4CD0CF0A1BCF318B0003A3C1 /* Info.plist */,
			);
			path = BudgetAPPTests;
			sourceTree = "<group>";
		};
		4CD0CF121BCF318B0003A3C1 /* BudgetAPPUITests */ = {
			isa = PBXGroup;
			children = (
				4CD0CF131BCF318B0003A3C1 /* BudgetAPPUITests.m */,
				4CD0CF151BCF318B0003A3C1 /* Info.plist */,
			);
			path = BudgetAPPUITests;
			sourceTree = "<group>";
		};
/* End PBXGroup section */

/* Begin PBXNativeTarget section */
		4CD0CEE71BCF318B0003A3C1 /* BudgetAPP */ = {
			isa = PBXNativeTarget;
			buildConfigurationList = 4CD0CF181BCF318B0003A3C1 /* Build configuration list for PBXNativeTarget "BudgetAPP" */;
			buildPhases = (
				4CD0CEE41BCF318B0003A3C1 /* Sources */,
				4CD0CEE51BCF318B0003A3C1 /* Frameworks */,
				4CD0CEE61BCF318B0003A3C1 /* Resources */,
			);
			buildRules = (
			);
			dependencies = (
			);
			name = BudgetAPP;
			productName = BudgetAPP;
			productReference = 4CD0CEE81BCF318B0003A3C1 /* BudgetAPP.app */;
			productType = "com.apple.product-type.application";
		};
		4CD0CF031BCF318B0003A3C1 /* BudgetAPPTests */ = {
			isa = PBXNativeTarget;
			buildConfigurationList = 4CD0CF1B1BCF318B0003A3C1 /* Build configuration list for PBXNativeTarget "BudgetAPPTests" */;
			buildPhases = (
				4CD0CF001BCF318B0003A3C1 /* Sources */,
				4CD0CF011BCF318B0003A3C1 /* Frameworks */,
				4CD0CF021BCF318B0003A3C1 /* Resources */,
			);
			buildRules = (
			);
			dependencies = (
				4CD0CF061BCF318B0003A3C1 /* PBXTargetDependency */,
			);
			name = BudgetAPPTests;
			productName = BudgetAPPTests;
			productReference = 4CD0CF041BCF318B0003A3C1 /* BudgetAPPTests.xctest */;
			productType = "com.apple.product-type.bundle.unit-test";
		};
		4CD0CF0E1BCF318B0003A3C1 /* BudgetAPPUITests */ = {
			isa = PBXNativeTarget;
			buildConfigurationList = 4CD0CF1E1BCF318B0003A3C1 /* Build configuration list for PBXNativeTarget "BudgetAPPUITests" */;
			buildPhases = (
				4CD0CF0B1BCF318B0003A3C1 /* Sources */,
				4CD0CF0C1BCF318B0003A3C1 /* Frameworks */,
				4CD0CF0D1BCF318B0003A3C1 /* Resources */,
			);
			buildRules = (
			);
			dependencies = (
				4CD0CF111BCF318B0003A3C1 /* PBXTargetDependency */,
			);
			name = BudgetAPPUITests;
			productName = BudgetAPPUITests;
			productReference = 4CD0CF0F1BCF318B0003A3C1 /* BudgetAPPUITests.xctest */;
			productType = "com.apple.product-type.bundle.ui-testing";
		};
/* End PBXNativeTarget section */

/* Begin PBXProject section */
		4CD0CEE01BCF318B0003A3C1 /* Project object */ = {
			isa = PBXProject;
			attributes = {
				LastUpgradeCheck = 0700;
				ORGANIZATIONNAME = "Wo Jun Feng";
				TargetAttributes = {
					4CD0CEE71BCF318B0003A3C1 = {
						CreatedOnToolsVersion = 7.0.1;
						DevelopmentTeam = 9YUT5P277S;
					};
					4CD0CF031BCF318B0003A3C1 = {
						CreatedOnToolsVersion = 7.0.1;
						DevelopmentTeam = 9YUT5P277S;
						TestTargetID = 4CD0CEE71BCF318B0003A3C1;
					};
					4CD0CF0E1BCF318B0003A3C1 = {
						CreatedOnToolsVersion = 7.0.1;
						DevelopmentTeam = 9YUT5P277S;
						TestTargetID = 4CD0CEE71BCF318B0003A3C1;
					};
				};
			};
			buildConfigurationList = 4CD0CEE31BCF318B0003A3C1 /* Build configuration list for PBXProject "BudgetAPP" */;
			compatibilityVersion = "Xcode 3.2";
			developmentRegion = English;
			hasScannedForEncodings = 0;
			knownRegions = (
				en,
				Base,
			);
			mainGroup = 4CD0CEDF1BCF318B0003A3C1;
			productRefGroup = 4CD0CEE91BCF318B0003A3C1 /* Products */;
			projectDirPath = "";
			projectRoot = "";
			targets = (
				4CD0CEE71BCF318B0003A3C1 /* BudgetAPP */,
				4CD0CF031BCF318B0003A3C1 /* BudgetAPPTests */,
				4CD0CF0E1BCF318B0003A3C1 /* BudgetAPPUITests */,
			);
		};
/* End PBXProject section */

/* Begin PBXResourcesBuildPhase section */
		4CD0CEE61BCF318B0003A3C1 /* Resources */ = {
			isa = PBXResourcesBuildPhase;
			buildActionMask = 2147483647;
			files = (
				4CD0CEFE1BCF318B0003A3C1 /* LaunchScreen.storyboard in Resources */,
				4CD0CEFB1BCF318B0003A3C1 /* Assets.xcassets in Resources */,
				4CD0CEF91BCF318B0003A3C1 /* Main.storyboard in Resources */,
			);
			runOnlyForDeploymentPostprocessing = 0;
		};
		4CD0CF021BCF318B0003A3C1 /* Resources */ = {
			isa = PBXResourcesBuildPhase;
			buildActionMask = 2147483647;
			files = (
			);
			runOnlyForDeploymentPostprocessing = 0;
		};
		4CD0CF0D1BCF318B0003A3C1 /* Resources */ = {
			isa = PBXResourcesBuildPhase;
			buildActionMask = 2147483647;
			files = (
			);
			runOnlyForDeploymentPostprocessing = 0;
		};
/* End PBXResourcesBuildPhase section */

/* Begin PBXSourcesBuildPhase section */
		4CD0CEE41BCF318B0003A3C1 /* Sources */ = {
			isa = PBXSourcesBuildPhase;
			buildActionMask = 2147483647;
			files = (
				4CAC04ED1BD494A9009C1592 /* XYZToDoItem.m in Sources */,
				4CD0CEF61BCF318B0003A3C1 /* SecondViewController.m in Sources */,
				4CAC04EC1BD494A9009C1592 /* XYZAddToDoItemViewController.m in Sources */,
				4CD0CEF01BCF318B0003A3C1 /* AppDelegate.m in Sources */,
				4CAC04EB1BD494A9009C1592 /* XYZToDoListTableViewController.m in Sources */,
				4C40A5231BD68438003E9865 /* DataStore.m in Sources */,
				4CBF8E6C1BD457C100C7ECAC /* SettingsViewBudgetTableViewController.m in Sources */,
				4C40A52C1BD6BF25003E9865 /* ExpenseListItem.m in Sources */,
				4C40A5201BD68344003E9865 /* SettingsAddNewBudgetViewController.m in Sources */,
				4CD0CEF31BCF318B0003A3C1 /* FirstViewController.m in Sources */,
				4CD0CEED1BCF318B0003A3C1 /* main.m in Sources */,
				4C40A5261BD68562003E9865 /* BudgetListItem.m in Sources */,
			);
			runOnlyForDeploymentPostprocessing = 0;
		};
		4CD0CF001BCF318B0003A3C1 /* Sources */ = {
			isa = PBXSourcesBuildPhase;
			buildActionMask = 2147483647;
			files = (
				4CD0CF091BCF318B0003A3C1 /* BudgetAPPTests.m in Sources */,
			);
			runOnlyForDeploymentPostprocessing = 0;
		};
		4CD0CF0B1BCF318B0003A3C1 /* Sources */ = {
			isa = PBXSourcesBuildPhase;
			buildActionMask = 2147483647;
			files = (
				4CD0CF141BCF318B0003A3C1 /* BudgetAPPUITests.m in Sources */,
			);
			runOnlyForDeploymentPostprocessing = 0;
		};
/* End PBXSourcesBuildPhase section */

/* Begin PBXTargetDependency section */
		4CD0CF061BCF318B0003A3C1 /* PBXTargetDependency */ = {
			isa = PBXTargetDependency;
			target = 4CD0CEE71BCF318B0003A3C1 /* BudgetAPP */;
			targetProxy = 4CD0CF051BCF318B0003A3C1 /* PBXContainerItemProxy */;
		};
		4CD0CF111BCF318B0003A3C1 /* PBXTargetDependency */ = {
			isa = PBXTargetDependency;
			target = 4CD0CEE71BCF318B0003A3C1 /* BudgetAPP */;
			targetProxy = 4CD0CF101BCF318B0003A3C1 /* PBXContainerItemProxy */;
		};
/* End PBXTargetDependency section */

/* Begin PBXVariantGroup section */
		4CD0CEF71BCF318B0003A3C1 /* Main.storyboard */ = {
			isa = PBXVariantGroup;
			children = (
				4CD0CEF81BCF318B0003A3C1 /* Base */,
			);
			name = Main.storyboard;
			sourceTree = "<group>";
		};
		4CD0CEFC1BCF318B0003A3C1 /* LaunchScreen.storyboard */ = {
			isa = PBXVariantGroup;
			children = (
				4CD0CEFD1BCF318B0003A3C1 /* Base */,
			);
			name = LaunchScreen.storyboard;
			sourceTree = "<group>";
		};
/* End PBXVariantGroup section */

/* Begin XCBuildConfiguration section */
		4CD0CF161BCF318B0003A3C1 /* Debug */ = {
			isa = XCBuildConfiguration;
			buildSettings = {
				ALWAYS_SEARCH_USER_PATHS = NO;
				CLANG_CXX_LANGUAGE_STANDARD = "gnu++0x";
				CLANG_CXX_LIBRARY = "libc++";
				CLANG_ENABLE_MODULES = YES;
				CLANG_ENABLE_OBJC_ARC = YES;
				CLANG_WARN_BOOL_CONVERSION = YES;
				CLANG_WARN_CONSTANT_CONVERSION = YES;
				CLANG_WARN_DIRECT_OBJC_ISA_USAGE = YES_ERROR;
				CLANG_WARN_EMPTY_BODY = YES;
				CLANG_WARN_ENUM_CONVERSION = YES;
				CLANG_WARN_INT_CONVERSION = YES;
				CLANG_WARN_OBJC_ROOT_CLASS = YES_ERROR;
				CLANG_WARN_UNREACHABLE_CODE = YES;
				CLANG_WARN__DUPLICATE_METHOD_MATCH = YES;
				"CODE_SIGN_IDENTITY[sdk=iphoneos*]" = "iPhone Developer";
				COPY_PHASE_STRIP = NO;
				DEBUG_INFORMATION_FORMAT = dwarf;
				ENABLE_STRICT_OBJC_MSGSEND = YES;
				ENABLE_TESTABILITY = YES;
				GCC_C_LANGUAGE_STANDARD = gnu99;
				GCC_DYNAMIC_NO_PIC = NO;
				GCC_NO_COMMON_BLOCKS = YES;
				GCC_OPTIMIZATION_LEVEL = 0;
				GCC_PREPROCESSOR_DEFINITIONS = (
					"DEBUG=1",
					"$(inherited)",
				);
				GCC_WARN_64_TO_32_BIT_CONVERSION = YES;
				GCC_WARN_ABOUT_RETURN_TYPE = YES_ERROR;
				GCC_WARN_UNDECLARED_SELECTOR = YES;
				GCC_WARN_UNINITIALIZED_AUTOS = YES_AGGRESSIVE;
				GCC_WARN_UNUSED_FUNCTION = YES;
				GCC_WARN_UNUSED_VARIABLE = YES;
				IPHONEOS_DEPLOYMENT_TARGET = 9.0;
				MTL_ENABLE_DEBUG_INFO = YES;
				ONLY_ACTIVE_ARCH = YES;
				SDKROOT = iphoneos;
				TARGETED_DEVICE_FAMILY = "1,2";
			};
			name = Debug;
		};
		4CD0CF171BCF318B0003A3C1 /* Release */ = {
			isa = XCBuildConfiguration;
			buildSettings = {
				ALWAYS_SEARCH_USER_PATHS = NO;
				CLANG_CXX_LANGUAGE_STANDARD = "gnu++0x";
				CLANG_CXX_LIBRARY = "libc++";
				CLANG_ENABLE_MODULES = YES;
				CLANG_ENABLE_OBJC_ARC = YES;
				CLANG_WARN_BOOL_CONVERSION = YES;
				CLANG_WARN_CONSTANT_CONVERSION = YES;
				CLANG_WARN_DIRECT_OBJC_ISA_USAGE = YES_ERROR;
				CLANG_WARN_EMPTY_BODY = YES;
				CLANG_WARN_ENUM_CONVERSION = YES;
				CLANG_WARN_INT_CONVERSION = YES;
				CLANG_WARN_OBJC_ROOT_CLASS = YES_ERROR;
				CLANG_WARN_UNREACHABLE_CODE = YES;
				CLANG_WARN__DUPLICATE_METHOD_MATCH = YES;
				"CODE_SIGN_IDENTITY[sdk=iphoneos*]" = "iPhone Developer";
				COPY_PHASE_STRIP = NO;
				DEBUG_INFORMATION_FORMAT = "dwarf-with-dsym";
				ENABLE_NS_ASSERTIONS = NO;
				ENABLE_STRICT_OBJC_MSGSEND = YES;
				GCC_C_LANGUAGE_STANDARD = gnu99;
				GCC_NO_COMMON_BLOCKS = YES;
				GCC_WARN_64_TO_32_BIT_CONVERSION = YES;
				GCC_WARN_ABOUT_RETURN_TYPE = YES_ERROR;
				GCC_WARN_UNDECLARED_SELECTOR = YES;
				GCC_WARN_UNINITIALIZED_AUTOS = YES_AGGRESSIVE;
				GCC_WARN_UNUSED_FUNCTION = YES;
				GCC_WARN_UNUSED_VARIABLE = YES;
				IPHONEOS_DEPLOYMENT_TARGET = 9.0;
				MTL_ENABLE_DEBUG_INFO = NO;
				SDKROOT = iphoneos;
				TARGETED_DEVICE_FAMILY = "1,2";
				VALIDATE_PRODUCT = YES;
			};
			name = Release;
		};
		4CD0CF191BCF318B0003A3C1 /* Debug */ = {
			isa = XCBuildConfiguration;
			buildSettings = {
				ASSETCATALOG_COMPILER_APPICON_NAME = AppIcon;
				INFOPLIST_FILE = BudgetAPP/Info.plist;
				LD_RUNPATH_SEARCH_PATHS = "$(inherited) @executable_path/Frameworks";
				PRODUCT_BUNDLE_IDENTIFIER = FIS.BudgetAPP;
				PRODUCT_NAME = "$(TARGET_NAME)";
			};
			name = Debug;
		};
		4CD0CF1A1BCF318B0003A3C1 /* Release */ = {
			isa = XCBuildConfiguration;
			buildSettings = {
				ASSETCATALOG_COMPILER_APPICON_NAME = AppIcon;
				INFOPLIST_FILE = BudgetAPP/Info.plist;
				LD_RUNPATH_SEARCH_PATHS = "$(inherited) @executable_path/Frameworks";
				PRODUCT_BUNDLE_IDENTIFIER = FIS.BudgetAPP;
				PRODUCT_NAME = "$(TARGET_NAME)";
			};
			name = Release;
		};
		4CD0CF1C1BCF318B0003A3C1 /* Debug */ = {
			isa = XCBuildConfiguration;
			buildSettings = {
				BUNDLE_LOADER = "$(TEST_HOST)";
				INFOPLIST_FILE = BudgetAPPTests/Info.plist;
				LD_RUNPATH_SEARCH_PATHS = "$(inherited) @executable_path/Frameworks @loader_path/Frameworks";
				PRODUCT_BUNDLE_IDENTIFIER = FIS.BudgetAPPTests;
				PRODUCT_NAME = "$(TARGET_NAME)";
				TEST_HOST = "$(BUILT_PRODUCTS_DIR)/BudgetAPP.app/BudgetAPP";
			};
			name = Debug;
		};
		4CD0CF1D1BCF318B0003A3C1 /* Release */ = {
			isa = XCBuildConfiguration;
			buildSettings = {
				BUNDLE_LOADER = "$(TEST_HOST)";
				INFOPLIST_FILE = BudgetAPPTests/Info.plist;
				LD_RUNPATH_SEARCH_PATHS = "$(inherited) @executable_path/Frameworks @loader_path/Frameworks";
				PRODUCT_BUNDLE_IDENTIFIER = FIS.BudgetAPPTests;
				PRODUCT_NAME = "$(TARGET_NAME)";
				TEST_HOST = "$(BUILT_PRODUCTS_DIR)/BudgetAPP.app/BudgetAPP";
			};
			name = Release;
		};
		4CD0CF1F1BCF318B0003A3C1 /* Debug */ = {
			isa = XCBuildConfiguration;
			buildSettings = {
				INFOPLIST_FILE = BudgetAPPUITests/Info.plist;
				LD_RUNPATH_SEARCH_PATHS = "$(inherited) @executable_path/Frameworks @loader_path/Frameworks";
				PRODUCT_BUNDLE_IDENTIFIER = FIS.BudgetAPPUITests;
				PRODUCT_NAME = "$(TARGET_NAME)";
				TEST_TARGET_NAME = BudgetAPP;
				USES_XCTRUNNER = YES;
			};
			name = Debug;
		};
		4CD0CF201BCF318B0003A3C1 /* Release */ = {
			isa = XCBuildConfiguration;
			buildSettings = {
				INFOPLIST_FILE = BudgetAPPUITests/Info.plist;
				LD_RUNPATH_SEARCH_PATHS = "$(inherited) @executable_path/Frameworks @loader_path/Frameworks";
				PRODUCT_BUNDLE_IDENTIFIER = FIS.BudgetAPPUITests;
				PRODUCT_NAME = "$(TARGET_NAME)";
				TEST_TARGET_NAME = BudgetAPP;
				USES_XCTRUNNER = YES;
			};
			name = Release;
		};
/* End XCBuildConfiguration section */

/* Begin XCConfigurationList section */
		4CD0CEE31BCF318B0003A3C1 /* Build configuration list for PBXProject "BudgetAPP" */ = {
			isa = XCConfigurationList;
			buildConfigurations = (
				4CD0CF161BCF318B0003A3C1 /* Debug */,
				4CD0CF171BCF318B0003A3C1 /* Release */,
			);
			defaultConfigurationIsVisible = 0;
			defaultConfigurationName = Release;
		};
		4CD0CF181BCF318B0003A3C1 /* Build configuration list for PBXNativeTarget "BudgetAPP" */ = {
			isa = XCConfigurationList;
			buildConfigurations = (
				4CD0CF191BCF318B0003A3C1 /* Debug */,
				4CD0CF1A1BCF318B0003A3C1 /* Release */,
			);
			defaultConfigurationIsVisible = 0;
			defaultConfigurationName = Release;
		};
		4CD0CF1B1BCF318B0003A3C1 /* Build configuration list for PBXNativeTarget "BudgetAPPTests" */ = {
			isa = XCConfigurationList;
			buildConfigurations = (
				4CD0CF1C1BCF318B0003A3C1 /* Debug */,
				4CD0CF1D1BCF318B0003A3C1 /* Release */,
			);
			defaultConfigurationIsVisible = 0;
			defaultConfigurationName = Release;
		};
		4CD0CF1E1BCF318B0003A3C1 /* Build configuration list for PBXNativeTarget "BudgetAPPUITests" */ = {
			isa = XCConfigurationList;
			buildConfigurations = (
				4CD0CF1F1BCF318B0003A3C1 /* Debug */,
				4CD0CF201BCF318B0003A3C1 /* Release */,
			);
			defaultConfigurationIsVisible = 0;
			defaultConfigurationName = Release;
		};
/* End XCConfigurationList section */
	};
	rootObject = 4CD0CEE01BCF318B0003A3C1 /* Project object */;
}
